{
	"name": "pizza-store",
	"version": "1.0.0",
	"lockfileVersion": 3,
	"requires": true,
	"packages": {
		"": {
			"name": "pizza-store",
			"version": "1.0.0",
			"license": "MIT",
			"dependencies": {
				"typescript": "^5.8.3"
			},
			"devDependencies": {
				"cross-env": "^7.0.3",
				"dotenv-cli": "^8.0.0",
				"prettier": "^3.5.3",
				"prettier-plugin-tailwindcss": "^0.6.12"
			}
		},
		"node_modules/cross-env": {
			"version": "7.0.3",
			"resolved": "https://registry.npmjs.org/cross-env/-/cross-env-7.0.3.tgz",
			"integrity": "sha512-+/HKd6EgcQCJGh2PSjZuUitQBQynKor4wrFbRg4DtAgS1aWO+gU52xpH7M9ScGgXSYmAVS9bIJ8EzuaGw0oNAw==",
			"dev": true,
			"license": "MIT",
			"dependencies": {
				"cross-spawn": "^7.0.1"
			},
			"bin": {
				"cross-env": "src/bin/cross-env.js",
				"cross-env-shell": "src/bin/cross-env-shell.js"
			},
			"engines": {
				"node": ">=10.14",
				"npm": ">=6",
				"yarn": ">=1"
			}
		},
		"node_modules/cross-spawn": {
			"version": "7.0.6",
			"resolved": "https://registry.npmjs.org/cross-spawn/-/cross-spawn-7.0.6.tgz",
			"integrity": "sha512-uV2QOWP2nWzsy2aMp8aRibhi9dlzF5Hgh5SHaB9OiTGEyDTiJJyx0uy51QXdyWbtAHNua4XJzUKca3OzKUd3vA==",
			"dev": true,
			"license": "MIT",
			"dependencies": {
				"path-key": "^3.1.0",
				"shebang-command": "^2.0.0",
				"which": "^2.0.1"
			},
			"engines": {
				"node": ">= 8"
			}
		},
		"node_modules/dotenv": {
			"version": "16.5.0",
			"resolved": "https://registry.npmjs.org/dotenv/-/dotenv-16.5.0.tgz",
			"integrity": "sha512-m/C+AwOAr9/W1UOIZUo232ejMNnJAJtYQjUbHoNTBNTJSvqzzDh7vnrei3o3r3m9blf6ZoDkvcw0VmozNRFJxg==",
			"dev": true,
			"license": "BSD-2-Clause",
			"engines": {
				"node": ">=12"
			},
			"funding": {
				"url": "https://dotenvx.com"
			}
		},
		"node_modules/dotenv-cli": {
			"version": "8.0.0",
			"resolved": "https://registry.npmjs.org/dotenv-cli/-/dotenv-cli-8.0.0.tgz",
			"integrity": "sha512-aLqYbK7xKOiTMIRf1lDPbI+Y+Ip/wo5k3eyp6ePysVaSqbyxjyK3dK35BTxG+rmd7djf5q2UPs4noPNH+cj0Qw==",
			"dev": true,
			"license": "MIT",
			"dependencies": {
				"cross-spawn": "^7.0.6",
				"dotenv": "^16.3.0",
				"dotenv-expand": "^10.0.0",
				"minimist": "^1.2.6"
			},
			"bin": {
				"dotenv": "cli.js"
			}
		},
		"node_modules/dotenv-expand": {
			"version": "10.0.0",
			"resolved": "https://registry.npmjs.org/dotenv-expand/-/dotenv-expand-10.0.0.tgz",
			"integrity": "sha512-GopVGCpVS1UKH75VKHGuQFqS1Gusej0z4FyQkPdwjil2gNIv+LNsqBlboOzpJFZKVT95GkCyWJbBSdFEFUWI2A==",
			"dev": true,
			"license": "BSD-2-Clause",
			"engines": {
				"node": ">=12"
			}
		},
		"node_modules/isexe": {
			"version": "2.0.0",
			"resolved": "https://registry.npmjs.org/isexe/-/isexe-2.0.0.tgz",
			"integrity": "sha512-RHxMLp9lnKHGHRng9QFhRCMbYAcVpn69smSGcq3f36xjgVVWThj4qqLbTLlq7Ssj8B+fIQ1EuCEGI2lKsyQeIw==",
			"dev": true,
			"license": "ISC"
		},
		"node_modules/minimist": {
			"version": "1.2.8",
			"resolved": "https://registry.npmjs.org/minimist/-/minimist-1.2.8.tgz",
			"integrity": "sha512-2yyAR8qBkN3YuheJanUpWC5U3bb5osDywNB8RzDVlDwDHbocAJveqqj1u8+SVD7jkWT4yvsHCpWqqWqAxb0zCA==",
			"dev": true,
			"license": "MIT",
			"funding": {
				"url": "https://github.com/sponsors/ljharb"
			}
		},
		"node_modules/path-key": {
			"version": "3.1.1",
			"resolved": "https://registry.npmjs.org/path-key/-/path-key-3.1.1.tgz",
			"integrity": "sha512-ojmeN0qd+y0jszEtoY48r0Peq5dwMEkIlCOu6Q5f41lfkswXuKtYrhgoTpLnyIcHm24Uhqx+5Tqm2InSwLhE6Q==",
			"dev": true,
			"license": "MIT",
			"engines": {
				"node": ">=8"
			}
		},
		"node_modules/prettier": {
			"version": "3.5.3",
			"resolved": "https://registry.npmjs.org/prettier/-/prettier-3.5.3.tgz",
			"integrity": "sha512-QQtaxnoDJeAkDvDKWCLiwIXkTgRhwYDEQCghU9Z6q03iyek/rxRh/2lC3HB7P8sWT2xC/y5JDctPLBIGzHKbhw==",
			"dev": true,
			"license": "MIT",
			"bin": {
				"prettier": "bin/prettier.cjs"
			},
			"engines": {
				"node": ">=14"
			},
			"funding": {
				"url": "https://github.com/prettier/prettier?sponsor=1"
			}
		},
		"node_modules/prettier-plugin-tailwindcss": {
			"version": "0.6.12",
			"resolved": "https://registry.npmjs.org/prettier-plugin-tailwindcss/-/prettier-plugin-tailwindcss-0.6.12.tgz",
			"integrity": "sha512-OuTQKoqNwV7RnxTPwXWzOFXy6Jc4z8oeRZYGuMpRyG3WbuR3jjXdQFK8qFBMBx8UHWdHrddARz2fgUenild6aw==",
			"dev": true,
			"license": "MIT",
			"engines": {
				"node": ">=14.21.3"
			},
			"peerDependencies": {
				"@ianvs/prettier-plugin-sort-imports": "*",
				"@prettier/plugin-pug": "*",
				"@shopify/prettier-plugin-liquid": "*",
				"@trivago/prettier-plugin-sort-imports": "*",
				"@zackad/prettier-plugin-twig": "*",
				"prettier": "^3.0",
				"prettier-plugin-astro": "*",
				"prettier-plugin-css-order": "*",
				"prettier-plugin-import-sort": "*",
				"prettier-plugin-jsdoc": "*",
				"prettier-plugin-marko": "*",
				"prettier-plugin-multiline-arrays": "*",
				"prettier-plugin-organize-attributes": "*",
				"prettier-plugin-organize-imports": "*",
				"prettier-plugin-sort-imports": "*",
				"prettier-plugin-style-order": "*",
				"prettier-plugin-svelte": "*"
			},
			"peerDependenciesMeta": {
				"@ianvs/prettier-plugin-sort-imports": {
					"optional": true
				},
				"@prettier/plugin-pug": {
					"optional": true
				},
				"@shopify/prettier-plugin-liquid": {
					"optional": true
				},
				"@trivago/prettier-plugin-sort-imports": {
					"optional": true
				},
				"@zackad/prettier-plugin-twig": {
					"optional": true
				},
				"prettier-plugin-astro": {
					"optional": true
				},
				"prettier-plugin-css-order": {
					"optional": true
				},
				"prettier-plugin-import-sort": {
					"optional": true
				},
				"prettier-plugin-jsdoc": {
					"optional": true
				},
				"prettier-plugin-marko": {
					"optional": true
				},
				"prettier-plugin-multiline-arrays": {
					"optional": true
				},
				"prettier-plugin-organize-attributes": {
					"optional": true
				},
				"prettier-plugin-organize-imports": {
					"optional": true
				},
				"prettier-plugin-sort-imports": {
					"optional": true
				},
				"prettier-plugin-style-order": {
					"optional": true
				},
				"prettier-plugin-svelte": {
					"optional": true
				}
			}
		},
		"node_modules/shebang-command": {
			"version": "2.0.0",
			"resolved": "https://registry.npmjs.org/shebang-command/-/shebang-command-2.0.0.tgz",
			"integrity": "sha512-kHxr2zZpYtdmrN1qDjrrX/Z1rR1kG8Dx+gkpK1G4eXmvXswmcE1hTWBWYUzlraYw1/yZp6YuDY77YtvbN0dmDA==",
			"dev": true,
			"license": "MIT",
			"dependencies": {
				"shebang-regex": "^3.0.0"
			},
			"engines": {
				"node": ">=8"
			}
		},
		"node_modules/shebang-regex": {
			"version": "3.0.0",
			"resolved": "https://registry.npmjs.org/shebang-regex/-/shebang-regex-3.0.0.tgz",
			"integrity": "sha512-7++dFhtcx3353uBaq8DDR4NuxBetBzC7ZQOhmTQInHEd6bSrXdiEyzCvG07Z44UYdLShWUyXt5M/yhz8ekcb1A==",
			"dev": true,
			"license": "MIT",
			"engines": {
				"node": ">=8"
			}
		},
		"node_modules/typescript": {
			"version": "5.8.3",
			"resolved": "https://registry.npmjs.org/typescript/-/typescript-5.8.3.tgz",
			"integrity": "sha512-p1diW6TqL9L07nNxvRMM7hMMw4c5XOo/1ibL4aAIGmSAt9slTE1Xgw5KWuof2uTOvCg9BY7ZRi+GaF+7sfgPeQ==",
			"license": "Apache-2.0",
			"bin": {
				"tsc": "bin/tsc",
				"tsserver": "bin/tsserver"
			},
			"engines": {
				"node": ">=14.17"
			}
		},
		"node_modules/which": {
			"version": "2.0.2",
			"resolved": "https://registry.npmjs.org/which/-/which-2.0.2.tgz",
			"integrity": "sha512-BLI3Tl1TW3Pvl70l3yq3Y64i+awpwXqsGBYWkkqMtnbXgrMD+yj7rhW0kuEDxzJaYXGjEW5ogapKNMEKNMjibA==",
			"dev": true,
			"license": "ISC",
			"dependencies": {
				"isexe": "^2.0.0"
			},
			"bin": {
				"node-which": "bin/node-which"
			},
			"engines": {
				"node": ">= 8"
			}
		}
	}
}
